
Microsoft Visual Studio Solution File, Format Version 12.00
# Visual Studio Version 17
VisualStudioVersion = 17.5.002.0
MinimumVisualStudioVersion = 10.0.40219.1
Project("{9A19103F-16F7-4668-BE54-9A1E7A4F7556}") = "MyApp", "MyApp.csproj", "{D936823B-A95F-48A1-BD15-7919C01148EB}"
EndProject
Global
	GlobalSection(SolutionConfigurationPlatforms) = preSolution
		Debug|Any CPU = Debug|Any CPU
		Release|Any CPU = Release|Any CPU
	EndGlobalSection
	GlobalSection(ProjectConfigurationPlatforms) = postSolution
		{D936823B-A95F-48A1-BD15-7919C01148EB}.Debug|Any CPU.ActiveCfg = Debug|Any CPU
		{D936823B-A95F-48A1-BD15-7919C01148EB}.Debug|Any CPU.Build.0 = Debug|Any CPU
		{D936823B-A95F-48A1-BD15-7919C01148EB}.Release|Any CPU.ActiveCfg = Release|Any CPU
		{D936823B-A95F-48A1-BD15-7919C01148EB}.Release|Any CPU.Build.0 = Release|Any CPU
	EndGlobalSection
	GlobalSection(SolutionProperties) = preSolution
		HideSolutionNode = FALSE
	EndGlobalSection
	GlobalSection(ExtensibilityGlobals) = postSolution
		SolutionGuid = {FC9002BD-AF64-4B55-9A07-777A127C3FD9}
	EndGlobalSection
EndGlobal
